version = 1
revision = 3
requires-python = "==3.8.*"
resolution-markers = [
    "python_full_version >= '3.8.1'",
    "python_full_version < '3.8.1'",
]

[[package]]
name = "asgiref"
version = "3.8.1"
source = { registry = "https://pypi.org/simple" }
dependencies = [
    { name = "typing-extensions" },
]
sdist = { url = "https://files.pythonhosted.org/packages/29/38/b3395cc9ad1b56d2ddac9970bc8f4141312dbaec28bc7c218b0dfafd0f42/asgiref-3.8.1.tar.gz", hash = "sha256:c343bd80a0bec947a9860adb4c432ffa7db769836c64238fc34bdc3fec84d590", size = 35186, upload-time = "2024-03-22T14:39:36.863Z" }
wheels = [
    { url = "https://files.pythonhosted.org/packages/39/e3/893e8757be2612e6c266d9bb58ad2e3651524b5b40cf56761e985a28b13e/asgiref-3.8.1-py3-none-any.whl", hash = "sha256:3e1e3ecc849832fe52ccf2cb6686b7a55f82bb1d6aee72a58826471390335e47", size = 23828, upload-time = "2024-03-22T14:39:34.521Z" },
]

[[package]]
name = "attrs"
version = "25.3.0"
source = { registry = "https://pypi.org/simple" }
sdist = { url = "https://files.pythonhosted.org/packages/5a/b0/1367933a8532ee6ff8d63537de4f1177af4bff9f3e829baf7331f595bb24/attrs-25.3.0.tar.gz", hash = "sha256:75d7cefc7fb576747b2c81b4442d4d4a1ce0900973527c011d1030fd3bf4af1b", size = 812032, upload-time = "2025-03-13T11:10:22.779Z" }
wheels = [
    { url = "https://files.pythonhosted.org/packages/77/06/bb80f5f86020c4551da315d78b3ab75e8228f89f0162f2c3a819e407941a/attrs-25.3.0-py3-none-any.whl", hash = "sha256:427318ce031701fea540783410126f03899a97ffc6f61596ad581ac2e40e3bc3", size = 63815, upload-time = "2025-03-13T11:10:21.14Z" },
]

[[package]]
name = "backports-zoneinfo"
version = "0.2.1"
source = { registry = "https://pypi.org/simple" }
sdist = { url = "https://files.pythonhosted.org/packages/ad/85/475e514c3140937cf435954f78dedea1861aeab7662d11de232bdaa90655/backports.zoneinfo-0.2.1.tar.gz", hash = "sha256:fadbfe37f74051d024037f223b8e001611eac868b5c5b06144ef4d8b799862f2", size = 74098, upload-time = "2020-06-23T13:51:22.041Z" }
wheels = [
    { url = "https://files.pythonhosted.org/packages/4a/6d/eca004eeadcbf8bd64cc96feb9e355536147f0577420b44d80c7cac70767/backports.zoneinfo-0.2.1-cp38-cp38-macosx_10_14_x86_64.whl", hash = "sha256:8961c0f32cd0336fb8e8ead11a1f8cd99ec07145ec2931122faaac1c8f7fd987", size = 35816, upload-time = "2020-06-23T13:51:21.244Z" },
    { url = "https://files.pythonhosted.org/packages/c1/8f/9b1b920a6a95652463143943fa3b8c000cb0b932ab463764a6f2a2416560/backports.zoneinfo-0.2.1-cp38-cp38-manylinux1_i686.whl", hash = "sha256:e81b76cace8eda1fca50e345242ba977f9be6ae3945af8d46326d776b4cf78d1", size = 72147, upload-time = "2020-06-23T13:51:17.562Z" },
    { url = "https://files.pythonhosted.org/packages/1a/ab/3e941e3fcf1b7d3ab3d0233194d99d6a0ed6b24f8f956fc81e47edc8c079/backports.zoneinfo-0.2.1-cp38-cp38-manylinux1_x86_64.whl", hash = "sha256:7b0a64cda4145548fed9efc10322770f929b944ce5cee6c0dfe0c87bf4c0c8c9", size = 74033, upload-time = "2020-06-23T13:51:14.592Z" },
    { url = "https://files.pythonhosted.org/packages/c0/34/5fdb0a3a28841d215c255be8fc60b8666257bb6632193c86fd04b63d4a31/backports.zoneinfo-0.2.1-cp38-cp38-win32.whl", hash = "sha256:1b13e654a55cd45672cb54ed12148cd33628f672548f373963b0bff67b217328", size = 36803, upload-time = "2020-06-23T13:51:07.517Z" },
    { url = "https://files.pythonhosted.org/packages/78/cc/e27fd6493bbce8dbea7e6c1bc861fe3d3bc22c4f7c81f4c3befb8ff5bfaf/backports.zoneinfo-0.2.1-cp38-cp38-win_amd64.whl", hash = "sha256:4a0f800587060bf8880f954dbef70de6c11bbe59c673c3d818921f042f9954a6", size = 38967, upload-time = "2020-06-23T13:51:13.735Z" },
]

[[package]]
name = "bdrxml"
version = "1.4"
source = { registry = "https://pypi.org/simple" }
dependencies = [
    { name = "eulxml" },
    { name = "ply" },
    { name = "rdflib", version = "6.3.2", source = { registry = "https://pypi.org/simple" }, marker = "python_full_version < '3.8.1'" },
    { name = "rdflib", version = "7.4.0", source = { registry = "https://pypi.org/simple" }, marker = "python_full_version >= '3.8.1'" },
]
sdist = { url = "https://files.pythonhosted.org/packages/8a/1f/954e36f5f8abff73a4b33d576d7365d998006fd3d129b2d3f8a77efede3e/bdrxml-1.4.tar.gz", hash = "sha256:53f46dd614508281c89b5285163d8598129338398148d041e5196eb8f5faf40a", size = 40593, upload-time = "2021-07-30T17:52:25.503Z" }
wheels = [
    { url = "https://files.pythonhosted.org/packages/ef/7b/f02cb4c3cd7ab445fe7097838d0ea58ce9c87a6bd3f4136ee07447147519/bdrxml-1.4-py3-none-any.whl", hash = "sha256:a723439d3340059326d5936fb4de7fc3e4fd080334677e383fc8e2779c71bb0d", size = 51106, upload-time = "2021-07-30T17:52:24.19Z" },
]

[[package]]
name = "certifi"
version = "2025.11.12"
source = { registry = "https://pypi.org/simple" }
sdist = { url = "https://files.pythonhosted.org/packages/a2/8c/58f469717fa48465e4a50c014a0400602d3c437d7c0c468e17ada824da3a/certifi-2025.11.12.tar.gz", hash = "sha256:d8ab5478f2ecd78af242878415affce761ca6bc54a22a27e026d7c25357c3316", size = 160538, upload-time = "2025-11-12T02:54:51.517Z" }
wheels = [
    { url = "https://files.pythonhosted.org/packages/70/7d/9bc192684cea499815ff478dfcdc13835ddf401365057044fb721ec6bddb/certifi-2025.11.12-py3-none-any.whl", hash = "sha256:97de8790030bbd5c2d96b7ec782fc2f7820ef8dba6db909ccf95449f2d062d4b", size = 159438, upload-time = "2025-11-12T02:54:49.735Z" },
]

[[package]]
name = "cffi"
version = "1.17.1"
source = { registry = "https://pypi.org/simple" }
dependencies = [
    { name = "pycparser" },
]
sdist = { url = "https://files.pythonhosted.org/packages/fc/97/c783634659c2920c3fc70419e3af40972dbaf758daa229a7d6ea6135c90d/cffi-1.17.1.tar.gz", hash = "sha256:1c39c6016c32bc48dd54561950ebd6836e1670f2ae46128f67cf49e789c52824", size = 516621, upload-time = "2024-09-04T20:45:21.852Z" }
wheels = [
    { url = "https://files.pythonhosted.org/packages/e2/63/2bed8323890cb613bbecda807688a31ed11a7fe7afe31f8faaae0206a9a3/cffi-1.17.1-cp38-cp38-win32.whl", hash = "sha256:7596d6620d3fa590f677e9ee430df2958d2d6d6de2feeae5b20e82c00b76fbf8", size = 171576, upload-time = "2024-09-04T20:44:58.535Z" },
    { url = "https://files.pythonhosted.org/packages/2f/70/80c33b044ebc79527447fd4fbc5455d514c3bb840dede4455de97da39b4d/cffi-1.17.1-cp38-cp38-win_amd64.whl", hash = "sha256:78122be759c3f8a014ce010908ae03364d00a1f81ab5c7f4a7a5120607ea56e1", size = 181229, upload-time = "2024-09-04T20:44:59.963Z" },
]

[[package]]
name = "charset-normalizer"
version = "2.0.12"
source = { registry = "https://pypi.org/simple" }
sdist = { url = "https://files.pythonhosted.org/packages/56/31/7bcaf657fafb3c6db8c787a865434290b726653c912085fbd371e9b92e1c/charset-normalizer-2.0.12.tar.gz", hash = "sha256:2857e29ff0d34db842cd7ca3230549d1a697f96ee6d3fb071cfa6c7393832597", size = 79105, upload-time = "2022-02-12T14:33:13.788Z" }
wheels = [
    { url = "https://files.pythonhosted.org/packages/06/b3/24afc8868eba069a7f03650ac750a778862dc34941a4bebeb58706715726/charset_normalizer-2.0.12-py3-none-any.whl", hash = "sha256:6881edbebdb17b39b4eaaa821b438bf6eddffb4468cf344f09f89def34a8b1df", size = 39623, upload-time = "2022-02-12T14:33:12.294Z" },
]

[[package]]
name = "django"
version = "4.2.26"
source = { registry = "https://pypi.org/simple" }
dependencies = [
    { name = "asgiref" },
    { name = "backports-zoneinfo" },
    { name = "sqlparse" },
    { name = "tzdata", marker = "sys_platform == 'win32'" },
]
sdist = { url = "https://files.pythonhosted.org/packages/bc/f2/5cab08b4174b46cd9d5b4d4439d211f5dd15bec256fb43e8287adbb79580/django-4.2.26.tar.gz", hash = "sha256:9398e487bcb55e3f142cb56d19fbd9a83e15bb03a97edc31f408361ee76d9d7a", size = 10433052, upload-time = "2025-11-05T14:08:23.522Z" }
wheels = [
    { url = "https://files.pythonhosted.org/packages/39/6f/873365d280002de462852c20bcf050564e2354770041bd950bfb4a16d91e/django-4.2.26-py3-none-any.whl", hash = "sha256:c96e64fc3c359d051a6306871bd26243db1bd02317472a62ffdbe6c3cae14280", size = 7994264, upload-time = "2025-11-05T14:08:20.328Z" },
]

[[package]]
name = "django-crispy-forms"
version = "1.11.2"
source = { registry = "https://pypi.org/simple" }
sdist = { url = "https://files.pythonhosted.org/packages/8a/79/f976b92e8590108b1d03c55d13502c09bfad0235c836a1f140ad083e37ca/django-crispy-forms-1.11.2.tar.gz", hash = "sha256:88efa857ce6111bd696cc4f74057539a3456102fe9c3a3ece8868e1e4579e70a", size = 63791, upload-time = "2021-03-21T19:16:03.703Z" }
wheels = [
    { url = "https://files.pythonhosted.org/packages/2a/df/f4618a94c3b1f748c6876bc178f2f80ec7a9fc6ef17a406c80009bbb130d/django_crispy_forms-1.11.2-py3-none-any.whl", hash = "sha256:3db71ab06d17ec9d0195c086d3ad454da300ac268752ac3a4f63d72f7a490254", size = 112992, upload-time = "2021-03-21T19:16:02.414Z" },
]

[[package]]
name = "django-dotenv"
version = "1.4.2"
source = { registry = "https://pypi.org/simple" }
sdist = { url = "https://files.pythonhosted.org/packages/82/18/b1d0bb605a5737e9a62c5135cf4bc234a5186abfbe1b06706ea68f235f32/django-dotenv-1.4.2.tar.gz", hash = "sha256:3812bb0f4876cf31f902aad140f0645e120e51ee30eb7c40c22050f58a0e4adb", size = 4295, upload-time = "2017-12-11T16:44:36.177Z" }
wheels = [
    { url = "https://files.pythonhosted.org/packages/e4/af/d9175f2b40a9bcd700db2861610d6ed48c2795ffba46c1d6abf25f7c1dea/django_dotenv-1.4.2-py2.py3-none-any.whl", hash = "sha256:a9b1b40a70bd321acd231926acedb9bd2c5e873e33a1873b34a7276d196a765e", size = 3794, upload-time = "2017-12-11T16:44:32.658Z" },
]

[[package]]
name = "django-markdown-deux"
version = "1.0.6"
source = { registry = "https://pypi.org/simple" }
dependencies = [
    { name = "markdown2" },
]
sdist = { url = "https://files.pythonhosted.org/packages/26/af/3ed785b661e4545709ba1618926bb33bd585d1fd2faa42a548756743e874/django-markdown-deux-1.0.6.zip", hash = "sha256:1f7b4da6b4dd1a9a84e3da90887d356f8afdd9a1e7d6468c081b8ac50a7980b1", size = 18157, upload-time = "2023-05-05T13:10:03.516Z" }

[[package]]
name = "django-pagedown"
version = "2.2.1"
source = { registry = "https://pypi.org/simple" }
dependencies = [
    { name = "django" },
    { name = "pillow" },
]
sdist = { url = "https://files.pythonhosted.org/packages/c5/7f/2f12e1ac2a50ba7d2a82ca10efd2c127345bb93af68d65b1b9808b257f29/django-pagedown-2.2.1.tar.gz", hash = "sha256:2e6373a3f1ec1886ec0bdd16a0db1d5f5d14437a0fdddefa7fba905cef50d6e8", size = 88081, upload-time = "2021-07-30T19:50:54.954Z" }
wheels = [
    { url = "https://files.pythonhosted.org/packages/c2/df/d58ab4412d47f9516a9d22976a1ee17ce85f48d8e2a4eeb6fd0331f701b7/django_pagedown-2.2.1-py3-none-any.whl", hash = "sha256:9b4204d65334d0add1d3daf2533d91f96b62a11fe89c5e2ca93a31fbd4b38aeb", size = 92955, upload-time = "2021-07-30T19:50:53.503Z" },
]

[[package]]
name = "eulxml"
version = "1.1.3"
source = { registry = "https://pypi.org/simple" }
dependencies = [
    { name = "lxml" },
    { name = "ply" },
    { name = "six" },
]
sdist = { url = "https://files.pythonhosted.org/packages/c7/5d/baf644154d180eee580860fdca4eafe43dfd18f0159f9425f635635a667b/eulxml-1.1.3.tar.gz", hash = "sha256:a2df44fc91428db2d1089d399789f5d36dcc6cbef24c3149c65672fcb81beca3", size = 251289, upload-time = "2016-06-03T19:44:05.996Z" }
wheels = [
    { url = "https://files.pythonhosted.org/packages/4f/83/e254c3aa358bb92fbf91047d19676900bf3bce18cbc6fe9190524db7346c/eulxml-1.1.3-py2.py3-none-any.whl", hash = "sha256:e981607d6b44fc6f409717dbaf17505846c5c69300b837f854d942471e026213", size = 216622, upload-time = "2016-06-03T19:44:20.099Z" },
]

[[package]]
name = "exceptiongroup"
version = "1.3.1"
source = { registry = "https://pypi.org/simple" }
dependencies = [
    { name = "typing-extensions" },
]
sdist = { url = "https://files.pythonhosted.org/packages/50/79/66800aadf48771f6b62f7eb014e352e5d06856655206165d775e675a02c9/exceptiongroup-1.3.1.tar.gz", hash = "sha256:8b412432c6055b0b7d14c310000ae93352ed6754f70fa8f7c34141f91c4e3219", size = 30371, upload-time = "2025-11-21T23:01:54.787Z" }
wheels = [
    { url = "https://files.pythonhosted.org/packages/8a/0e/97c33bf5009bdbac74fd2beace167cab3f978feb69cc36f1ef79360d6c4e/exceptiongroup-1.3.1-py3-none-any.whl", hash = "sha256:a7a39a3bd276781e98394987d3a5701d0c4edffb633bb7a5144577f82c773598", size = 16740, upload-time = "2025-11-21T23:01:53.443Z" },
]

[[package]]
name = "idna"
version = "3.11"
source = { registry = "https://pypi.org/simple" }
sdist = { url = "https://files.pythonhosted.org/packages/6f/6d/0703ccc57f3a7233505399edb88de3cbd678da106337b9fcde432b65ed60/idna-3.11.tar.gz", hash = "sha256:795dafcc9c04ed0c1fb032c2aa73654d8e8c5023a7df64a53f39190ada629902", size = 194582, upload-time = "2025-10-12T14:55:20.501Z" }
wheels = [
    { url = "https://files.pythonhosted.org/packages/0e/61/66938bbb5fc52dbdf84594873d5b51fb1f7c7794e9c0f5bd885f30bc507b/idna-3.11-py3-none-any.whl", hash = "sha256:771a87f49d9defaf64091e6e6fe9c18d4833f140bd19464795bc32d966ca37ea", size = 71008, upload-time = "2025-10-12T14:55:18.883Z" },
]

[[package]]
name = "isodate"
version = "0.6.1"
source = { registry = "https://pypi.org/simple" }
resolution-markers = [
    "python_full_version < '3.8.1'",
]
dependencies = [
    { name = "six", marker = "python_full_version < '3.8.1'" },
]
sdist = { url = "https://files.pythonhosted.org/packages/db/7a/c0a56c7d56c7fa723988f122fa1f1ccf8c5c4ccc48efad0d214b49e5b1af/isodate-0.6.1.tar.gz", hash = "sha256:48c5881de7e8b0a0d648cb024c8062dc84e7b840ed81e864c7614fd3c127bde9", size = 28443, upload-time = "2021-12-13T20:28:31.525Z" }
wheels = [
    { url = "https://files.pythonhosted.org/packages/b6/85/7882d311924cbcfc70b1890780763e36ff0b140c7e51c110fc59a532f087/isodate-0.6.1-py2.py3-none-any.whl", hash = "sha256:0751eece944162659049d35f4f549ed815792b38793f07cf73381c1c87cbed96", size = 41722, upload-time = "2021-12-13T20:28:29.073Z" },
]

[[package]]
name = "isodate"
version = "0.7.2"
source = { registry = "https://pypi.org/simple" }
resolution-markers = [
    "python_full_version >= '3.8.1'",
]
sdist = { url = "https://files.pythonhosted.org/packages/54/4d/e940025e2ce31a8ce1202635910747e5a87cc3a6a6bb2d00973375014749/isodate-0.7.2.tar.gz", hash = "sha256:4cd1aa0f43ca76f4a6c6c0292a85f40b35ec2e43e315b59f06e6d32171a953e6", size = 29705, upload-time = "2024-10-08T23:04:11.5Z" }
wheels = [
    { url = "https://files.pythonhosted.org/packages/15/aa/0aca39a37d3c7eb941ba736ede56d689e7be91cab5d9ca846bde3999eba6/isodate-0.7.2-py3-none-any.whl", hash = "sha256:28009937d8031054830160fce6d409ed342816b543597cece116d966c6d99e15", size = 22320, upload-time = "2024-10-08T23:04:09.501Z" },
]

[[package]]
name = "lxml"
version = "4.7.1"
source = { registry = "https://pypi.org/simple" }
sdist = { url = "https://files.pythonhosted.org/packages/84/74/4a97db45381316cd6e7d4b1eb707d7f60d38cb2985b5dfd7251a340404da/lxml-4.7.1.tar.gz", hash = "sha256:a1613838aa6b89af4ba10a0f3a972836128801ed008078f8c1244e65958f1b24", size = 3204203, upload-time = "2021-12-13T22:32:13.372Z" }
wheels = [
    { url = "https://files.pythonhosted.org/packages/92/48/e2a7ce5147e6ccd184a2e3b1e1bf794ad87cc9258bc8e0bdc0144f616d09/lxml-4.7.1-cp38-cp38-macosx_10_14_x86_64.whl", hash = "sha256:fc9fb11b65e7bc49f7f75aaba1b700f7181d95d4e151cf2f24d51bfd14410b77", size = 4541223, upload-time = "2021-12-13T22:29:31.975Z" },
    { url = "https://files.pythonhosted.org/packages/1b/7f/c9953e1773f5cf608ccb841edb63ec5d7a8f12bc02969745a4fb0a64066f/lxml-4.7.1-cp38-cp38-manylinux_2_12_i686.manylinux2010_i686.manylinux_2_24_i686.whl", hash = "sha256:317bd63870b4d875af3c1be1b19202de34c32623609ec803b81c99193a788c1e", size = 7011102, upload-time = "2021-12-13T22:29:39.984Z" },
    { url = "https://files.pythonhosted.org/packages/e4/39/8fa4325c38e7959c26d10b7607fd7e7d8a0432aa006d42188df20efc4ae5/lxml-4.7.1-cp38-cp38-manylinux_2_17_aarch64.manylinux2014_aarch64.manylinux_2_24_aarch64.whl", hash = "sha256:610807cea990fd545b1559466971649e69302c8a9472cefe1d6d48a1dee97440", size = 6591058, upload-time = "2021-12-13T22:29:47.186Z" },
    { url = "https://files.pythonhosted.org/packages/ae/64/f002c327e99a3f3e8ec5c84590f665c071a39f85547987bdbab585fda1df/lxml-4.7.1-cp38-cp38-manylinux_2_17_x86_64.manylinux2014_x86_64.manylinux_2_24_x86_64.whl", hash = "sha256:09b738360af8cb2da275998a8bf79517a71225b0de41ab47339c2beebfff025f", size = 6921144, upload-time = "2021-12-13T22:29:54.022Z" },
    { url = "https://files.pythonhosted.org/packages/9f/2b/3936fecd19b1cec197896f0128a143968813569a5e9334977ad0f457253b/lxml-4.7.1-cp38-cp38-manylinux_2_5_i686.manylinux1_i686.whl", hash = "sha256:6a2ab9d089324d77bb81745b01f4aeffe4094306d939e92ba5e71e9a6b99b71e", size = 5361213, upload-time = "2021-12-13T22:29:59.572Z" },
    { url = "https://files.pythonhosted.org/packages/df/14/38b01aec6da11ce9b6a77935694baee8c4ca69c0d869df6469b281819fa3/lxml-4.7.1-cp38-cp38-manylinux_2_5_x86_64.manylinux1_x86_64.whl", hash = "sha256:eed394099a7792834f0cb4a8f615319152b9d801444c1c9e1b1a2c36d2239f9e", size = 5491925, upload-time = "2021-12-13T22:30:06.357Z" },
    { url = "https://files.pythonhosted.org/packages/db/d8/ec305df55d1eaa04c067c2bfbcfe72b4d930259d45ba8f5db4b79da66468/lxml-4.7.1-cp38-cp38-musllinux_1_1_x86_64.whl", hash = "sha256:735e3b4ce9c0616e85f302f109bdc6e425ba1670a73f962c9f6b98a6d51b77c9", size = 7665173, upload-time = "2021-12-13T22:30:15.196Z" },
    { url = "https://files.pythonhosted.org/packages/fa/a7/2dd34299b4db8a0a9d62a4eab51060c0ded660439fb092a009ab16ece061/lxml-4.7.1-cp38-cp38-win32.whl", hash = "sha256:772057fba283c095db8c8ecde4634717a35c47061d24f889468dc67190327bcd", size = 3363471, upload-time = "2021-12-13T22:30:19.671Z" },
    { url = "https://files.pythonhosted.org/packages/ce/7c/06dd0464584955e3604652b6e243e282d25a17cc38d6c9a0aff298ceff30/lxml-4.7.1-cp38-cp38-win_amd64.whl", hash = "sha256:13dbb5c7e8f3b6a2cf6e10b0948cacb2f4c9eb05029fe31c60592d08ac63180d", size = 3712662, upload-time = "2021-12-13T22:30:25.176Z" },
    { url = "https://files.pythonhosted.org/packages/e8/82/b22c92d2411b664e696b6069227d64385470beb0739e47a522ab1ba3d90d/lxml-4.7.1-pp38-pypy38_pp73-macosx_10_14_x86_64.whl", hash = "sha256:e18281a7d80d76b66a9f9e68a98cf7e1d153182772400d9a9ce855264d7d0ce7", size = 3806172, upload-time = "2021-12-13T22:31:54.402Z" },
    { url = "https://files.pythonhosted.org/packages/59/3b/826f72ce765f4652df35958e58e16c8e16835bcd83f9c66139d39fc69651/lxml-4.7.1-pp38-pypy38_pp73-manylinux_2_12_i686.manylinux2010_i686.manylinux_2_24_i686.whl", hash = "sha256:8e54945dd2eeb50925500957c7c579df3cd07c29db7810b83cf30495d79af267", size = 5637476, upload-time = "2021-12-13T22:32:01.556Z" },
    { url = "https://files.pythonhosted.org/packages/d8/60/d7f279e7b94a3d9ccd17a0744e6a80090e2d6e591b5ab5cb6bab0cef3372/lxml-4.7.1-pp38-pypy38_pp73-manylinux_2_17_x86_64.manylinux2014_x86_64.manylinux_2_24_x86_64.whl", hash = "sha256:447d5009d6b5447b2f237395d0018901dcc673f7d9f82ba26c1b9f9c3b444b60", size = 5535163, upload-time = "2021-12-13T22:32:08.14Z" },
]

[[package]]
name = "markdown2"
version = "2.5.1"
source = { registry = "https://pypi.org/simple" }
sdist = { url = "https://files.pythonhosted.org/packages/05/92/22e3645e352562ea9bfc89aeaeb9a76feb79e20907b18bc25d5ca340b50f/markdown2-2.5.1.tar.gz", hash = "sha256:12fc04ea5a87f7bb4b65acf5bf3af1183b20838cc7d543b74c92ec7eea4bbc74", size = 140957, upload-time = "2024-10-09T19:03:27.258Z" }
wheels = [
    { url = "https://files.pythonhosted.org/packages/30/2b/8653ae6d18e20183fc6051fd2e10cd0c46e16a6b71eb34edef8d465dc969/markdown2-2.5.1-py2.py3-none-any.whl", hash = "sha256:190ae60a4bd0425c60c863bede18a9f3d45b1cbf3fbc9f40b4fac336ff2c520b", size = 48363, upload-time = "2024-10-09T19:03:25.265Z" },
]

[[package]]
name = "mysqlclient"
version = "2.1.1"
source = { registry = "https://pypi.org/simple" }
sdist = { url = "https://files.pythonhosted.org/packages/50/5f/eac919b88b9df39bbe4a855f136d58f80d191cfea34a3dcf96bf5d8ace0a/mysqlclient-2.1.1.tar.gz", hash = "sha256:828757e419fb11dd6c5ed2576ec92c3efaa93a0f7c39e263586d1ee779c3d782", size = 88138, upload-time = "2022-06-22T08:12:44.246Z" }
wheels = [
    { url = "https://files.pythonhosted.org/packages/c5/e6/d3dd1d7d47f8ae2e1ac8dde451822cd57da6145ae1597e6db36091f2dd68/mysqlclient-2.1.1-cp38-cp38-win_amd64.whl", hash = "sha256:0d1cd3a5a4d28c222fa199002810e8146cffd821410b67851af4cc80aeccd97c", size = 178581, upload-time = "2022-06-22T08:12:37.961Z" },
    { url = "https://files.pythonhosted.org/packages/14/98/36dbbd5397d60639d9128afefe35c6f45d8265a49650e421a9de4bae3189/mysqlclient-2.1.1-pp38-pypy38_pp73-win_amd64.whl", hash = "sha256:996924f3483fd36a34a5812210c69e71dea5a3d5978d01199b78b7f6d485c855", size = 178770, upload-time = "2022-06-22T08:12:41.409Z" },
]

[[package]]
name = "outcome"
version = "1.3.0.post0"
source = { registry = "https://pypi.org/simple" }
dependencies = [
    { name = "attrs" },
]
sdist = { url = "https://files.pythonhosted.org/packages/98/df/77698abfac98571e65ffeb0c1fba8ffd692ab8458d617a0eed7d9a8d38f2/outcome-1.3.0.post0.tar.gz", hash = "sha256:9dcf02e65f2971b80047b377468e72a268e15c0af3cf1238e6ff14f7f91143b8", size = 21060, upload-time = "2023-10-26T04:26:04.361Z" }
wheels = [
    { url = "https://files.pythonhosted.org/packages/55/8b/5ab7257531a5d830fc8000c476e63c935488d74609b50f9384a643ec0a62/outcome-1.3.0.post0-py2.py3-none-any.whl", hash = "sha256:e771c5ce06d1415e356078d3bdd68523f284b4ce5419828922b6871e65eda82b", size = 10692, upload-time = "2023-10-26T04:26:02.532Z" },
]

[[package]]
name = "pillow"
version = "10.4.0"
source = { registry = "https://pypi.org/simple" }
sdist = { url = "https://files.pythonhosted.org/packages/cd/74/ad3d526f3bf7b6d3f408b73fde271ec69dfac8b81341a318ce825f2b3812/pillow-10.4.0.tar.gz", hash = "sha256:166c1cd4d24309b30d61f79f4a9114b7b2313d7450912277855ff5dfd7cd4a06", size = 46555059, upload-time = "2024-07-01T09:48:43.583Z" }
wheels = [
    { url = "https://files.pythonhosted.org/packages/56/70/f40009702a477ce87d8d9faaa4de51d6562b3445d7a314accd06e4ffb01d/pillow-10.4.0-cp38-cp38-macosx_10_10_x86_64.whl", hash = "sha256:8d4d5063501b6dd4024b8ac2f04962d661222d120381272deea52e3fc52d3736", size = 3509213, upload-time = "2024-07-01T09:47:11.662Z" },
    { url = "https://files.pythonhosted.org/packages/10/43/105823d233c5e5d31cea13428f4474ded9d961652307800979a59d6a4276/pillow-10.4.0-cp38-cp38-macosx_11_0_arm64.whl", hash = "sha256:7c1ee6f42250df403c5f103cbd2768a28fe1a0ea1f0f03fe151c8741e1469c8b", size = 3375883, upload-time = "2024-07-01T09:47:14.453Z" },
    { url = "https://files.pythonhosted.org/packages/3c/ad/7850c10bac468a20c918f6a5dbba9ecd106ea1cdc5db3c35e33a60570408/pillow-10.4.0-cp38-cp38-manylinux_2_17_aarch64.manylinux2014_aarch64.whl", hash = "sha256:b15e02e9bb4c21e39876698abf233c8c579127986f8207200bc8a8f6bb27acf2", size = 4330810, upload-time = "2024-07-01T09:47:16.695Z" },
    { url = "https://files.pythonhosted.org/packages/84/4c/69bbed9e436ac22f9ed193a2b64f64d68fcfbc9f4106249dc7ed4889907b/pillow-10.4.0-cp38-cp38-manylinux_2_17_x86_64.manylinux2014_x86_64.whl", hash = "sha256:7a8d4bade9952ea9a77d0c3e49cbd8b2890a399422258a77f357b9cc9be8d680", size = 4444341, upload-time = "2024-07-01T09:47:19.334Z" },
    { url = "https://files.pythonhosted.org/packages/8f/4f/c183c63828a3f37bf09644ce94cbf72d4929b033b109160a5379c2885932/pillow-10.4.0-cp38-cp38-manylinux_2_28_aarch64.whl", hash = "sha256:43efea75eb06b95d1631cb784aa40156177bf9dd5b4b03ff38979e048258bc6b", size = 4356005, upload-time = "2024-07-01T09:47:21.805Z" },
    { url = "https://files.pythonhosted.org/packages/fb/ad/435fe29865f98a8fbdc64add8875a6e4f8c97749a93577a8919ec6f32c64/pillow-10.4.0-cp38-cp38-manylinux_2_28_x86_64.whl", hash = "sha256:950be4d8ba92aca4b2bb0741285a46bfae3ca699ef913ec8416c1b78eadd64cd", size = 4525201, upload-time = "2024-07-01T09:47:24.457Z" },
    { url = "https://files.pythonhosted.org/packages/80/74/be8bf8acdfd70e91f905a12ae13cfb2e17c0f1da745c40141e26d0971ff5/pillow-10.4.0-cp38-cp38-musllinux_1_2_aarch64.whl", hash = "sha256:d7480af14364494365e89d6fddc510a13e5a2c3584cb19ef65415ca57252fb84", size = 4460635, upload-time = "2024-07-01T09:47:26.841Z" },
    { url = "https://files.pythonhosted.org/packages/e4/90/763616e66dc9ad59c9b7fb58f863755e7934ef122e52349f62c7742b82d3/pillow-10.4.0-cp38-cp38-musllinux_1_2_x86_64.whl", hash = "sha256:73664fe514b34c8f02452ffb73b7a92c6774e39a647087f83d67f010eb9a0cf0", size = 4590283, upload-time = "2024-07-01T09:47:29.247Z" },
    { url = "https://files.pythonhosted.org/packages/69/66/03002cb5b2c27bb519cba63b9f9aa3709c6f7a5d3b285406c01f03fb77e5/pillow-10.4.0-cp38-cp38-win32.whl", hash = "sha256:e88d5e6ad0d026fba7bdab8c3f225a69f063f116462c49892b0149e21b6c0a0e", size = 2235185, upload-time = "2024-07-01T09:47:32.205Z" },
    { url = "https://files.pythonhosted.org/packages/f2/75/3cb820b2812405fc7feb3d0deb701ef0c3de93dc02597115e00704591bc9/pillow-10.4.0-cp38-cp38-win_amd64.whl", hash = "sha256:5161eef006d335e46895297f642341111945e2c1c899eb406882a6c61a4357ab", size = 2554594, upload-time = "2024-07-01T09:47:34.285Z" },
]

[[package]]
name = "ply"
version = "3.8"
source = { registry = "https://pypi.org/simple" }
sdist = { url = "https://files.pythonhosted.org/packages/96/e0/430fcdb6b3ef1ae534d231397bee7e9304be14a47a267e82ebcb3323d0b5/ply-3.8.tar.gz", hash = "sha256:e7d1bdff026beb159c9942f7a17e102c375638d9478a7ecd4cc0c76afd8de0b8", size = 157286, upload-time = "2015-10-02T18:15:50.15Z" }

[[package]]
name = "pycparser"
version = "2.23"
source = { registry = "https://pypi.org/simple" }
sdist = { url = "https://files.pythonhosted.org/packages/fe/cf/d2d3b9f5699fb1e4615c8e32ff220203e43b248e1dfcc6736ad9057731ca/pycparser-2.23.tar.gz", hash = "sha256:78816d4f24add8f10a06d6f05b4d424ad9e96cfebf68a4ddc99c65c0720d00c2", size = 173734, upload-time = "2025-09-09T13:23:47.91Z" }
wheels = [
    { url = "https://files.pythonhosted.org/packages/a0/e3/59cd50310fc9b59512193629e1984c1f95e5c8ae6e5d8c69532ccc65a7fe/pycparser-2.23-py3-none-any.whl", hash = "sha256:e5c6e8d3fbad53479cab09ac03729e0a9faf2bee3db8208a550daf5af81a5934", size = 118140, upload-time = "2025-09-09T13:23:46.651Z" },
]

[[package]]
name = "pyparsing"
version = "3.1.4"
source = { registry = "https://pypi.org/simple" }
sdist = { url = "https://files.pythonhosted.org/packages/83/08/13f3bce01b2061f2bbd582c9df82723de943784cf719a35ac886c652043a/pyparsing-3.1.4.tar.gz", hash = "sha256:f86ec8d1a83f11977c9a6ea7598e8c27fc5cddfa5b07ea2241edbbde1d7bc032", size = 900231, upload-time = "2024-08-25T15:00:47.416Z" }
wheels = [
    { url = "https://files.pythonhosted.org/packages/e5/0c/0e3c05b1c87bb6a1c76d281b0f35e78d2d80ac91b5f8f524cebf77f51049/pyparsing-3.1.4-py3-none-any.whl", hash = "sha256:a6a7ee4235a3f944aa1fa2249307708f893fe5717dc603503c6c7969c070fb7c", size = 104100, upload-time = "2024-08-25T15:00:45.361Z" },
]

[[package]]
name = "rdflib"
version = "6.3.2"
source = { registry = "https://pypi.org/simple" }
resolution-markers = [
    "python_full_version < '3.8.1'",
]
dependencies = [
    { name = "isodate", version = "0.6.1", source = { registry = "https://pypi.org/simple" }, marker = "python_full_version < '3.8.1'" },
    { name = "pyparsing", marker = "python_full_version < '3.8.1'" },
]
sdist = { url = "https://files.pythonhosted.org/packages/c8/28/4d1f27c5d73f58e567ca1a14a4eab7d7978a09c4e117687f9f6c216d3366/rdflib-6.3.2.tar.gz", hash = "sha256:72af591ff704f4caacea7ecc0c5a9056b8553e0489dd4f35a9bc52dbd41522e0", size = 4749592, upload-time = "2023-03-26T11:52:54.891Z" }
wheels = [
    { url = "https://files.pythonhosted.org/packages/af/92/d7fb1d7fb70c9f7003fa50b7a3880ebcb311cc3f8552b3595e7c8f75aeeb/rdflib-6.3.2-py3-none-any.whl", hash = "sha256:36b4e74a32aa1e4fa7b8719876fb192f19ecd45ff932ea5ebbd2e417a0247e63", size = 528122, upload-time = "2023-03-26T11:52:52.393Z" },
]

[[package]]
name = "rdflib"
version = "7.4.0"
source = { registry = "https://pypi.org/simple" }
resolution-markers = [
    "python_full_version >= '3.8.1'",
]
dependencies = [
    { name = "isodate", version = "0.7.2", source = { registry = "https://pypi.org/simple" }, marker = "python_full_version >= '3.8.1'" },
    { name = "pyparsing", marker = "python_full_version >= '3.8.1'" },
]
sdist = { url = "https://files.pythonhosted.org/packages/18/ea/30bd9eb0d4a25dd0ab929153ed23698c907c6124389aa72eea5b7b703ab8/rdflib-7.4.0.tar.gz", hash = "sha256:c8ee16c31848c19c174aed96185327ea139ca3d392fac7fa882ddf5687f8f533", size = 4866588, upload-time = "2025-10-30T12:55:21.568Z" }
wheels = [
    { url = "https://files.pythonhosted.org/packages/a7/52/9d03e93f2e00d2a07749ee90f358d08c07822819d084f08c387b7ade8b56/rdflib-7.4.0-py3-none-any.whl", hash = "sha256:0af003470404ff21bc0eb04077cc97ee96da581f2429bf42a8e163fc1c2797bc", size = 569019, upload-time = "2025-10-30T12:55:14.462Z" },
]

[[package]]
name = "requests"
version = "2.26.0"
source = { registry = "https://pypi.org/simple" }
dependencies = [
    { name = "certifi" },
    { name = "charset-normalizer" },
    { name = "idna" },
    { name = "urllib3" },
]
sdist = { url = "https://files.pythonhosted.org/packages/e7/01/3569e0b535fb2e4a6c384bdbed00c55b9d78b5084e0fb7f4d0bf523d7670/requests-2.26.0.tar.gz", hash = "sha256:b8aa58f8cf793ffd8782d3d8cb19e66ef36f7aba4353eec859e74678b01b07a7", size = 104433, upload-time = "2021-07-13T14:55:08.972Z" }
wheels = [
    { url = "https://files.pythonhosted.org/packages/92/96/144f70b972a9c0eabbd4391ef93ccd49d0f2747f4f6a2a2738e99e5adc65/requests-2.26.0-py2.py3-none-any.whl", hash = "sha256:6c1246513ecd5ecd4528a0906f910e8f0f9c6b8ec72030dc9fd154dc1a6efd24", size = 62251, upload-time = "2021-07-13T14:55:06.933Z" },
]

[[package]]
name = "responses"
version = "0.10.16"
source = { registry = "https://pypi.org/simple" }
dependencies = [
    { name = "requests" },
    { name = "six" },
    { name = "urllib3" },
]
sdist = { url = "https://files.pythonhosted.org/packages/34/d7/7dd8114013564039d64fc53b894711881a19a53e438d8a1a1559f54cbd2d/responses-0.10.16.tar.gz", hash = "sha256:fa125311607ab3e57d8fcc4da20587f041b4485bdfb06dd6bdf19d8b66f870c1", size = 25420, upload-time = "2020-08-11T02:50:39.733Z" }
wheels = [
    { url = "https://files.pythonhosted.org/packages/6a/28/340847834f4db9b0302a6bc525b2e46ea2f8b2fd1d8d460b401b707eb89d/responses-0.10.16-py2.py3-none-any.whl", hash = "sha256:cf55b7c89fc77b9ebbc5e5924210b6d0ef437061b80f1273d7e202069e43493c", size = 15327, upload-time = "2020-08-11T02:50:37.699Z" },
]

[[package]]
name = "setuptools"
version = "75.3.2"
source = { registry = "https://pypi.org/simple" }
sdist = { url = "https://files.pythonhosted.org/packages/5c/01/771ea46cce201dd42cff043a5eea929d1c030fb3d1c2ee2729d02ca7814c/setuptools-75.3.2.tar.gz", hash = "sha256:3c1383e1038b68556a382c1e8ded8887cd20141b0eb5708a6c8d277de49364f5", size = 1354489, upload-time = "2025-03-12T00:02:19.004Z" }
wheels = [
    { url = "https://files.pythonhosted.org/packages/15/65/3f0dba35760d902849d39d38c0a72767794b1963227b69a587f8a336d08c/setuptools-75.3.2-py3-none-any.whl", hash = "sha256:90ab613b6583fc02d5369cbca13ea26ea0e182d1df2d943ee9cbe81d4c61add9", size = 1251198, upload-time = "2025-03-12T00:02:17.554Z" },
]

[[package]]
name = "six"
version = "1.17.0"
source = { registry = "https://pypi.org/simple" }
sdist = { url = "https://files.pythonhosted.org/packages/94/e7/b2c673351809dca68a0e064b6af791aa332cf192da575fd474ed7d6f16a2/six-1.17.0.tar.gz", hash = "sha256:ff70335d468e7eb6ec65b95b99d3a2836546063f63acc5171de367e834932a81", size = 34031, upload-time = "2024-12-04T17:35:28.174Z" }
wheels = [
    { url = "https://files.pythonhosted.org/packages/b7/ce/149a00dd41f10bc29e5921b496af8b574d8413afcd5e30dfa0ed46c2cc5e/six-1.17.0-py2.py3-none-any.whl", hash = "sha256:4721f391ed90541fddacab5acf947aa0d3dc7d27b2e1e8eda2be8970586c3274", size = 11050, upload-time = "2024-12-04T17:35:26.475Z" },
]

[[package]]
name = "sniffio"
version = "1.3.1"
source = { registry = "https://pypi.org/simple" }
sdist = { url = "https://files.pythonhosted.org/packages/a2/87/a6771e1546d97e7e041b6ae58d80074f81b7d5121207425c964ddf5cfdbd/sniffio-1.3.1.tar.gz", hash = "sha256:f4324edc670a0f49750a81b895f35c3adb843cca46f0530f79fc1babb23789dc", size = 20372, upload-time = "2024-02-25T23:20:04.057Z" }
wheels = [
    { url = "https://files.pythonhosted.org/packages/e9/44/75a9c9421471a6c4805dbf2356f7c181a29c1879239abab1ea2cc8f38b40/sniffio-1.3.1-py3-none-any.whl", hash = "sha256:2f6da418d1f1e0fddd844478f41680e794e6051915791a034ff65e5f100525a2", size = 10235, upload-time = "2024-02-25T23:20:01.196Z" },
]

[[package]]
name = "sortedcontainers"
version = "2.4.0"
source = { registry = "https://pypi.org/simple" }
sdist = { url = "https://files.pythonhosted.org/packages/e8/c4/ba2f8066cceb6f23394729afe52f3bf7adec04bf9ed2c820b39e19299111/sortedcontainers-2.4.0.tar.gz", hash = "sha256:25caa5a06cc30b6b83d11423433f65d1f9d76c4c6a0c90e3379eaa43b9bfdb88", size = 30594, upload-time = "2021-05-16T22:03:42.897Z" }
wheels = [
    { url = "https://files.pythonhosted.org/packages/32/46/9cb0e58b2deb7f82b84065f37f3bffeb12413f947f9388e4cac22c4621ce/sortedcontainers-2.4.0-py2.py3-none-any.whl", hash = "sha256:a163dcaede0f1c021485e957a39245190e74249897e2ae4b2aa38595db237ee0", size = 29575, upload-time = "2021-05-16T22:03:41.177Z" },
]

[[package]]
name = "sqlparse"
version = "0.5.3"
source = { registry = "https://pypi.org/simple" }
sdist = { url = "https://files.pythonhosted.org/packages/e5/40/edede8dd6977b0d3da179a342c198ed100dd2aba4be081861ee5911e4da4/sqlparse-0.5.3.tar.gz", hash = "sha256:09f67787f56a0b16ecdbde1bfc7f5d9c3371ca683cfeaa8e6ff60b4807ec9272", size = 84999, upload-time = "2024-12-10T12:05:30.728Z" }
wheels = [
    { url = "https://files.pythonhosted.org/packages/a9/5c/bfd6bd0bf979426d405cc6e71eceb8701b148b16c21d2dc3c261efc61c7b/sqlparse-0.5.3-py3-none-any.whl", hash = "sha256:cf2196ed3418f3ba5de6af7e82c694a9fbdbfecccdfc72e281548517081f16ca", size = 44415, upload-time = "2024-12-10T12:05:27.824Z" },
]

[[package]]
name = "theater-that-was-rome-project"
version = "0.0.0"
source = { virtual = "." }
dependencies = [
    { name = "bdrxml" },
    { name = "django" },
    { name = "django-crispy-forms" },
    { name = "django-dotenv" },
    { name = "django-markdown-deux" },
    { name = "django-pagedown" },
    { name = "lxml" },
    { name = "pillow" },
    { name = "requests" },
    { name = "setuptools" },
    { name = "trio" },
]

[package.dev-dependencies]
ci-tests = [
    { name = "responses" },
]
local = [
    { name = "responses" },
]
prod = [
    { name = "mysqlclient" },
]
staging = [
    { name = "mysqlclient" },
    { name = "responses" },
]

[package.metadata]
requires-dist = [
    { name = "bdrxml", specifier = "==1.4" },
    { name = "django", specifier = "~=4.2.0" },
    { name = "django-crispy-forms", specifier = "~=1.11.0" },
    { name = "django-dotenv", specifier = "~=1.4.0" },
    { name = "django-markdown-deux", specifier = "~=1.0.0" },
    { name = "django-pagedown", specifier = "~=2.2.0" },
    { name = "lxml", specifier = "~=4.7.0" },
    { name = "pillow", specifier = "~=10.4.0" },
    { name = "requests", specifier = "~=2.26.0" },
    { name = "setuptools", specifier = "~=75.3.0" },
    { name = "trio", specifier = "~=0.22.0" },
]

[package.metadata.requires-dev]
ci-tests = [{ name = "responses", specifier = "~=0.10.0" }]
local = [{ name = "responses", specifier = "~=0.10.0" }]
prod = [{ name = "mysqlclient", specifier = "~=2.1.0" }]
staging = [
    { name = "mysqlclient", specifier = "~=2.1.0" },
    { name = "responses", specifier = "~=0.10.0" },
]

[[package]]
name = "trio"
version = "0.22.2"
source = { registry = "https://pypi.org/simple" }
dependencies = [
    { name = "attrs" },
    { name = "cffi", marker = "implementation_name != 'pypy' and os_name == 'nt'" },
    { name = "exceptiongroup" },
    { name = "idna" },
    { name = "outcome" },
    { name = "sniffio" },
    { name = "sortedcontainers" },
]
sdist = { url = "https://files.pythonhosted.org/packages/04/b0/5ec370ef69832f3d6d79069af7097dcec0a8c68fa898822e49ad621c4af0/trio-0.22.2.tar.gz", hash = "sha256:3887cf18c8bcc894433420305468388dac76932e9668afa1c49aa3806b6accb3", size = 487602, upload-time = "2023-07-12T23:09:17.591Z" }
wheels = [
    { url = "https://files.pythonhosted.org/packages/a3/dd/b61fa61b186d3267ef3903048fbee29132963ae762fb70b08d4a3cd6f7aa/trio-0.22.2-py3-none-any.whl", hash = "sha256:f43da357620e5872b3d940a2e3589aa251fd3f881b65a608d742e00809b1ec38", size = 400217, upload-time = "2023-07-12T23:09:15.884Z" },
]

[[package]]
name = "typing-extensions"
version = "4.13.2"
source = { registry = "https://pypi.org/simple" }
sdist = { url = "https://files.pythonhosted.org/packages/f6/37/23083fcd6e35492953e8d2aaaa68b860eb422b34627b13f2ce3eb6106061/typing_extensions-4.13.2.tar.gz", hash = "sha256:e6c81219bd689f51865d9e372991c540bda33a0379d5573cddb9a3a23f7caaef", size = 106967, upload-time = "2025-04-10T14:19:05.416Z" }
wheels = [
    { url = "https://files.pythonhosted.org/packages/8b/54/b1ae86c0973cc6f0210b53d508ca3641fb6d0c56823f288d108bc7ab3cc8/typing_extensions-4.13.2-py3-none-any.whl", hash = "sha256:a439e7c04b49fec3e5d3e2beaa21755cadbbdc391694e28ccdd36ca4a1408f8c", size = 45806, upload-time = "2025-04-10T14:19:03.967Z" },
]

[[package]]
name = "tzdata"
version = "2025.2"
source = { registry = "https://pypi.org/simple" }
sdist = { url = "https://files.pythonhosted.org/packages/95/32/1a225d6164441be760d75c2c42e2780dc0873fe382da3e98a2e1e48361e5/tzdata-2025.2.tar.gz", hash = "sha256:b60a638fcc0daffadf82fe0f57e53d06bdec2f36c4df66280ae79bce6bd6f2b9", size = 196380, upload-time = "2025-03-23T13:54:43.652Z" }
wheels = [
    { url = "https://files.pythonhosted.org/packages/5c/23/c7abc0ca0a1526a0774eca151daeb8de62ec457e77262b66b359c3c7679e/tzdata-2025.2-py2.py3-none-any.whl", hash = "sha256:1a403fada01ff9221ca8044d701868fa132215d84beb92242d9acd2147f667a8", size = 347839, upload-time = "2025-03-23T13:54:41.845Z" },
]

[[package]]
name = "urllib3"
version = "1.26.20"
source = { registry = "https://pypi.org/simple" }
sdist = { url = "https://files.pythonhosted.org/packages/e4/e8/6ff5e6bc22095cfc59b6ea711b687e2b7ed4bdb373f7eeec370a97d7392f/urllib3-1.26.20.tar.gz", hash = "sha256:40c2dc0c681e47eb8f90e7e27bf6ff7df2e677421fd46756da1161c39ca70d32", size = 307380, upload-time = "2024-08-29T15:43:11.37Z" }
wheels = [
    { url = "https://files.pythonhosted.org/packages/33/cf/8435d5a7159e2a9c83a95896ed596f68cf798005fe107cc655b5c5c14704/urllib3-1.26.20-py2.py3-none-any.whl", hash = "sha256:0ed14ccfbf1c30a9072c7ca157e4319b70d65f623e91e7b32fadb2853431016e", size = 144225, upload-time = "2024-08-29T15:43:08.921Z" },
]
